
Microsoft Visual Studio Solution File, Format Version 12.00
# Visual Studio 15
VisualStudioVersion = 15.0.26430.16
MinimumVisualStudioVersion = 10.0.40219.1
Project("{FAE04EC0-301F-11D3-BF4B-00C04F79EFBC}") = "Uvodni", "ConsoleApp1\Uvodni.csproj", "{31F30331-D9D7-4529-9C4C-B096F2654F21}"
EndProject
Project("{FAE04EC0-301F-11D3-BF4B-00C04F79EFBC}") = "Zbroj", "Zbroj\Zbroj.csproj", "{C72F648D-610F-4C09-90AE-BB2DD90A29D2}"
EndProject
Project("{2150E333-8FDC-42A3-9474-1A3956D46DE8}") = "4.1_Uvod", "4.1_Uvod", "{1CD019B1-6628-4F9D-BE13-AA15FA2AD934}"
EndProject
Project("{FAE04EC0-301F-11D3-BF4B-00C04F79EFBC}") = "Hello", "Hello\Hello.csproj", "{D57B4D9F-C756-4E84-951D-2D56EDE879A7}"
EndProject
Project("{FAE04EC0-301F-11D3-BF4B-00C04F79EFBC}") = "IspisBrojeva", "IspisBrojeva\IspisBrojeva.csproj", "{0CA433EB-B30D-4A93-8401-EC2C8A5BE104}"
EndProject
Project("{2150E333-8FDC-42A3-9474-1A3956D46DE8}") = "5.1_varijable", "5.1_varijable", "{D4D349EF-58D4-4E04-88A2-35FFA5D2EABC}"
EndProject
Project("{FAE04EC0-301F-11D3-BF4B-00C04F79EFBC}") = "zbroj_razlika", "zbroj_razlika\zbroj_razlika.csproj", "{04799DD3-720C-4707-947F-C35FEB76F557}"
EndProject
Project("{2150E333-8FDC-42A3-9474-1A3956D46DE8}") = "5.2_Uvjetno_grananje", "5.2_Uvjetno_grananje", "{19D29F78-F7F0-4D00-8791-9EDF91AE03A6}"
EndProject
Project("{FAE04EC0-301F-11D3-BF4B-00C04F79EFBC}") = "if_primjer", "if_primjer\if_primjer.csproj", "{B115C56C-759C-4FE8-B30A-B5550F650228}"
EndProject
Project("{FAE04EC0-301F-11D3-BF4B-00C04F79EFBC}") = "primjer_5.2.1.2_pozitivan", "primjer_5.2.1.2_pozitivan\primjer_5.2.1.2_pozitivan.csproj", "{FA8A60FB-8C81-4682-8051-5777C41C9AF6}"
EndProject
Project("{FAE04EC0-301F-11D3-BF4B-00C04F79EFBC}") = "primjer_5.2.2.switch", "primjer_5.2.2.switch\primjer_5.2.2.switch.csproj", "{1C42CD6A-A00C-47DC-A9CE-D95B5EEE825F}"
EndProject
Project("{FAE04EC0-301F-11D3-BF4B-00C04F79EFBC}") = "5.2.3.exceptio_primjer", "5.2.3.exceptio_primjer\5.2.3.exceptio_primjer.csproj", "{F452E0A6-FCB3-4519-9F1B-F4E60F7081EB}"
EndProject
Project("{FAE04EC0-301F-11D3-BF4B-00C04F79EFBC}") = "5.2.3_veliki_broj", "5.2.3_veliki_broj\5.2.3_veliki_broj.csproj", "{DB50A5A4-5A5A-4C95-B3EC-38EBB17DA862}"
EndProject
Project("{FAE04EC0-301F-11D3-BF4B-00C04F79EFBC}") = "5.2.4X_znam", "5.2.4X_znam\5.2.4X_znam.csproj", "{5FEBDBA7-105B-468D-9728-FEDB5CF837C2}"
EndProject
Project("{FAE04EC0-301F-11D3-BF4B-00C04F79EFBC}") = "5.2.7_djeljiv_s_4", "5.2.7_djeljiv_s_4\5.2.7_djeljiv_s_4.csproj", "{7A8BB7AC-5964-47F2-9742-1B87911F86FA}"
EndProject
Project("{FAE04EC0-301F-11D3-BF4B-00C04F79EFBC}") = "5.2.9.cjelobrojno_djeljenje", "5.2.9.cjelobrojno_djeljenje\5.2.9.cjelobrojno_djeljenje.csproj", "{FC6AA3BC-1E2F-43B0-BFED-9A19C73EB4D5}"
EndProject
Project("{2150E333-8FDC-42A3-9474-1A3956D46DE8}") = "5.3_ciklicke_petlje", "5.3_ciklicke_petlje", "{5E3AC01F-93EA-4702-BF22-554CCD586169}"
EndProject
Project("{FAE04EC0-301F-11D3-BF4B-00C04F79EFBC}") = "Petlje_primjeri_for", "Petlje_primjeri\Petlje_primjeri_for.csproj", "{D577E4CF-C680-4621-AE2A-8FE8C4855644}"
EndProject
Project("{FAE04EC0-301F-11D3-BF4B-00C04F79EFBC}") = "Petlja_primjeri_while", "Petlja_primjeri_while\Petlja_primjeri_while.csproj", "{9625D979-261C-4547-85F4-114179A82E4B}"
EndProject
Project("{FAE04EC0-301F-11D3-BF4B-00C04F79EFBC}") = "5.3.4._faktorijel", "5.3.4._faktorijel\5.3.4._faktorijel.csproj", "{4E161358-FDB6-496C-80DA-FA3FFE0BB74A}"
EndProject
Project("{FAE04EC0-301F-11D3-BF4B-00C04F79EFBC}") = "5.3.5_djeljivi_u _intervalu_plus_exception", "5.3.5_djeljivi_u _intervalu_plus_exception\5.3.5_djeljivi_u _intervalu_plus_exception.csproj", "{220BBFE6-D2FD-4B78-AA42-33D812A02EE5}"
EndProject
Project("{FAE04EC0-301F-11D3-BF4B-00C04F79EFBC}") = "5.3.7_ispis", "5.3.7_ispis\5.3.7_ispis.csproj", "{30798C53-5D20-475F-ADBE-C873FEAC7494}"
EndProject
Project("{FAE04EC0-301F-11D3-BF4B-00C04F79EFBC}") = "5.3.9.Djelitelj", "5.3.9.Djelitelj\5.3.9.Djelitelj.csproj", "{167A2D6F-94BC-4A3B-A9BB-B61C2DEC2712}"
EndProject
Project("{FAE04EC0-301F-11D3-BF4B-00C04F79EFBC}") = "vreliste_lediste_vode2", "vreliste_lediste_vode2\vreliste_lediste_vode2.csproj", "{53F59C34-6207-48B8-8657-1602445D98D2}"
EndProject
Project("{FAE04EC0-301F-11D3-BF4B-00C04F79EFBC}") = "5.1.1_zbroj_i_razlika(1)", "5.1.1_zbroj_i_razlika(1)\5.1.1_zbroj_i_razlika(1).csproj", "{CA186594-7D99-4DC4-9829-8F3BFC6A3E57}"
EndProject
Project("{FAE04EC0-301F-11D3-BF4B-00C04F79EFBC}") = "umnozak_kvocijent2", "umnozak_kvocijent2\umnozak_kvocijent2.csproj", "{2C2A11C5-F3DA-431E-9A76-C494D749348D}"
EndProject
Project("{FAE04EC0-301F-11D3-BF4B-00C04F79EFBC}") = "pozitivan_ili_negativan(1)", "pozitivan_ili_negativan(1)\pozitivan_ili_negativan(1).csproj", "{40B8EBE1-D983-4278-9EE6-AEF168777911}"
EndProject
Project("{FAE04EC0-301F-11D3-BF4B-00C04F79EFBC}") = "kalkulator", "kalkulator\kalkulator.csproj", "{3E8C85C7-A6F5-415B-9762-9053F788A83D}"
EndProject
Project("{FAE04EC0-301F-11D3-BF4B-00C04F79EFBC}") = "veliki broj", "veliki broj\veliki broj.csproj", "{7A5B8403-E72C-46C6-A0B1-7DADFC1645A1}"
EndProject
Project("{FAE04EC0-301F-11D3-BF4B-00C04F79EFBC}") = "x-znamenkasti broj2", "x-znamenkasti broj2\x-znamenkasti broj2.csproj", "{38160E35-6E3E-4301-9EA2-89176B9AAFB9}"
EndProject
Project("{FAE04EC0-301F-11D3-BF4B-00C04F79EFBC}") = "u intervalu", "u intervalu\u intervalu.csproj", "{BD66956D-5B1A-4AAE-8432-A630CB5345CF}"
EndProject
Project("{FAE04EC0-301F-11D3-BF4B-00C04F79EFBC}") = "try catch", "try catch\try catch.csproj", "{35CA4159-BDAB-4815-8E2C-C7629DD10140}"
EndProject
Project("{FAE04EC0-301F-11D3-BF4B-00C04F79EFBC}") = "dobar broj 1=", "dobar broj 1=\dobar broj 1=.csproj", "{48E631A2-5567-47FE-8165-B74C3B1AE235}"
EndProject
Project("{FAE04EC0-301F-11D3-BF4B-00C04F79EFBC}") = "dobar broj 2=", "dobar broj 2=\dobar broj 2=.csproj", "{AB3070E1-61EC-4B21-BD34-D8938232A6FC}"
EndProject
Project("{2150E333-8FDC-42A3-9474-1A3956D46DE8}") = "ciklicke_petlje_2", "ciklicke_petlje_2", "{89AF5398-C2F6-45F8-A4D6-270E28B74B33}"
EndProject
Project("{FAE04EC0-301F-11D3-BF4B-00C04F79EFBC}") = "priestupna godina 2", "priestupna godina 2\priestupna godina 2.csproj", "{8067BB9B-D935-4605-B961-AA0904109EB6}"
EndProject
Project("{FAE04EC0-301F-11D3-BF4B-00C04F79EFBC}") = "cijelobrojno dijeljenje 2", "cijelobrojno dijeljenje 2\cijelobrojno dijeljenje 2.csproj", "{B4CA9218-7D57-4A32-9A3F-BC04268B7313}"
EndProject
Project("{FAE04EC0-301F-11D3-BF4B-00C04F79EFBC}") = "vjezba sa try", "vjezba sa try\vjezba sa try.csproj", "{7C410416-AADA-44CC-B73C-E1651AE25B72}"
EndProject
Project("{FAE04EC0-301F-11D3-BF4B-00C04F79EFBC}") = "neparni do 20", "neparni do 20\neparni do 20.csproj", "{95D1AF0D-5C54-46D3-8FDC-18F505A5836E}"
EndProject
Project("{FAE04EC0-301F-11D3-BF4B-00C04F79EFBC}") = "djeljiv sa 5", "djeljiv sa 5\djeljiv sa 5.csproj", "{42C22166-BB27-4CEF-BA21-AB2A5E44741D}"
EndProject
Project("{FAE04EC0-301F-11D3-BF4B-00C04F79EFBC}") = "suma100", "suma100\suma100.csproj", "{96B5E069-0752-4607-9275-79C47B6A155E}"
EndProject
Project("{FAE04EC0-301F-11D3-BF4B-00C04F79EFBC}") = "faktorijel22", "faktorijel22\faktorijel22.csproj", "{5BA4DBE9-E140-47BC-B368-3F7B65EA87E4}"
EndProject
Project("{FAE04EC0-301F-11D3-BF4B-00C04F79EFBC}") = "djeljivsa3", "djeljivsa3\djeljivsa3.csproj", "{883599D9-476F-4462-AA70-B9266F2AFA19}"
EndProject
Project("{FAE04EC0-301F-11D3-BF4B-00C04F79EFBC}") = "prijestupne_godine1", "prijestupne_godine1\prijestupne_godine1.csproj", "{C1A746B8-18ED-44B1-B003-E2EB621F57BE}"
EndProject
Project("{FAE04EC0-301F-11D3-BF4B-00C04F79EFBC}") = "7_3Ispis", "7_3Ispis\7_3Ispis.csproj", "{0EE8CD3A-FC07-42AF-BC5C-5F4372696124}"
EndProject
Project("{FAE04EC0-301F-11D3-BF4B-00C04F79EFBC}") = "koliko7_3", "koliko7_3\koliko7_3.csproj", "{CE403446-62E8-4098-A5F2-7F6BC6B5D3DA}"
EndProject
Project("{FAE04EC0-301F-11D3-BF4B-00C04F79EFBC}") = "kolikokoliko", "kolikokoliko\kolikokoliko.csproj", "{86AF8055-C089-441E-8A89-CA1A0A117D54}"
EndProject
Project("{FAE04EC0-301F-11D3-BF4B-00C04F79EFBC}") = "Djelitelj00", "Djelitelj00\Djelitelj00.csproj", "{3B2B4E41-0687-499D-BC90-856F0762575F}"
EndProject
Project("{FAE04EC0-301F-11D3-BF4B-00C04F79EFBC}") = "suma i prosjek", "suma i prosjek\suma i prosjek.csproj", "{7604ED43-4D70-4DA1-8970-BBC994BDF251}"
EndProject
Project("{FAE04EC0-301F-11D3-BF4B-00C04F79EFBC}") = "min_max", "min_max\min_max.csproj", "{3AAC8DF4-DC99-43F6-8904-C460EDED4FCE}"
EndProject
Project("{FAE04EC0-301F-11D3-BF4B-00C04F79EFBC}") = "suma i prosjek zadaci", "suma i prosjek zadaci\suma i prosjek zadaci.csproj", "{4ADBF9A3-5734-49FB-9065-1588D977875B}"
EndProject
Project("{FAE04EC0-301F-11D3-BF4B-00C04F79EFBC}") = "pokusaj", "pokusaj\pokusaj.csproj", "{BCDFD907-18CC-4B4D-A05D-05091631664A}"
EndProject
Global
	GlobalSection(SolutionConfigurationPlatforms) = preSolution
		Debug|Any CPU = Debug|Any CPU
		Release|Any CPU = Release|Any CPU
	EndGlobalSection
	GlobalSection(ProjectConfigurationPlatforms) = postSolution
		{31F30331-D9D7-4529-9C4C-B096F2654F21}.Debug|Any CPU.ActiveCfg = Debug|Any CPU
		{31F30331-D9D7-4529-9C4C-B096F2654F21}.Debug|Any CPU.Build.0 = Debug|Any CPU
		{31F30331-D9D7-4529-9C4C-B096F2654F21}.Release|Any CPU.ActiveCfg = Release|Any CPU
		{31F30331-D9D7-4529-9C4C-B096F2654F21}.Release|Any CPU.Build.0 = Release|Any CPU
		{C72F648D-610F-4C09-90AE-BB2DD90A29D2}.Debug|Any CPU.ActiveCfg = Debug|Any CPU
		{C72F648D-610F-4C09-90AE-BB2DD90A29D2}.Debug|Any CPU.Build.0 = Debug|Any CPU
		{C72F648D-610F-4C09-90AE-BB2DD90A29D2}.Release|Any CPU.ActiveCfg = Release|Any CPU
		{C72F648D-610F-4C09-90AE-BB2DD90A29D2}.Release|Any CPU.Build.0 = Release|Any CPU
		{D57B4D9F-C756-4E84-951D-2D56EDE879A7}.Debug|Any CPU.ActiveCfg = Debug|Any CPU
		{D57B4D9F-C756-4E84-951D-2D56EDE879A7}.Debug|Any CPU.Build.0 = Debug|Any CPU
		{D57B4D9F-C756-4E84-951D-2D56EDE879A7}.Release|Any CPU.ActiveCfg = Release|Any CPU
		{D57B4D9F-C756-4E84-951D-2D56EDE879A7}.Release|Any CPU.Build.0 = Release|Any CPU
		{0CA433EB-B30D-4A93-8401-EC2C8A5BE104}.Debug|Any CPU.ActiveCfg = Debug|Any CPU
		{0CA433EB-B30D-4A93-8401-EC2C8A5BE104}.Debug|Any CPU.Build.0 = Debug|Any CPU
		{0CA433EB-B30D-4A93-8401-EC2C8A5BE104}.Release|Any CPU.ActiveCfg = Release|Any CPU
		{0CA433EB-B30D-4A93-8401-EC2C8A5BE104}.Release|Any CPU.Build.0 = Release|Any CPU
		{04799DD3-720C-4707-947F-C35FEB76F557}.Debug|Any CPU.ActiveCfg = Debug|Any CPU
		{04799DD3-720C-4707-947F-C35FEB76F557}.Debug|Any CPU.Build.0 = Debug|Any CPU
		{04799DD3-720C-4707-947F-C35FEB76F557}.Release|Any CPU.ActiveCfg = Release|Any CPU
		{04799DD3-720C-4707-947F-C35FEB76F557}.Release|Any CPU.Build.0 = Release|Any CPU
		{B115C56C-759C-4FE8-B30A-B5550F650228}.Debug|Any CPU.ActiveCfg = Debug|Any CPU
		{B115C56C-759C-4FE8-B30A-B5550F650228}.Debug|Any CPU.Build.0 = Debug|Any CPU
		{B115C56C-759C-4FE8-B30A-B5550F650228}.Release|Any CPU.ActiveCfg = Release|Any CPU
		{B115C56C-759C-4FE8-B30A-B5550F650228}.Release|Any CPU.Build.0 = Release|Any CPU
		{FA8A60FB-8C81-4682-8051-5777C41C9AF6}.Debug|Any CPU.ActiveCfg = Debug|Any CPU
		{FA8A60FB-8C81-4682-8051-5777C41C9AF6}.Debug|Any CPU.Build.0 = Debug|Any CPU
		{FA8A60FB-8C81-4682-8051-5777C41C9AF6}.Release|Any CPU.ActiveCfg = Release|Any CPU
		{FA8A60FB-8C81-4682-8051-5777C41C9AF6}.Release|Any CPU.Build.0 = Release|Any CPU
		{1C42CD6A-A00C-47DC-A9CE-D95B5EEE825F}.Debug|Any CPU.ActiveCfg = Debug|Any CPU
		{1C42CD6A-A00C-47DC-A9CE-D95B5EEE825F}.Debug|Any CPU.Build.0 = Debug|Any CPU
		{1C42CD6A-A00C-47DC-A9CE-D95B5EEE825F}.Release|Any CPU.ActiveCfg = Release|Any CPU
		{1C42CD6A-A00C-47DC-A9CE-D95B5EEE825F}.Release|Any CPU.Build.0 = Release|Any CPU
		{F452E0A6-FCB3-4519-9F1B-F4E60F7081EB}.Debug|Any CPU.ActiveCfg = Debug|Any CPU
		{F452E0A6-FCB3-4519-9F1B-F4E60F7081EB}.Debug|Any CPU.Build.0 = Debug|Any CPU
		{F452E0A6-FCB3-4519-9F1B-F4E60F7081EB}.Release|Any CPU.ActiveCfg = Release|Any CPU
		{F452E0A6-FCB3-4519-9F1B-F4E60F7081EB}.Release|Any CPU.Build.0 = Release|Any CPU
		{DB50A5A4-5A5A-4C95-B3EC-38EBB17DA862}.Debug|Any CPU.ActiveCfg = Debug|Any CPU
		{DB50A5A4-5A5A-4C95-B3EC-38EBB17DA862}.Debug|Any CPU.Build.0 = Debug|Any CPU
		{DB50A5A4-5A5A-4C95-B3EC-38EBB17DA862}.Release|Any CPU.ActiveCfg = Release|Any CPU
		{DB50A5A4-5A5A-4C95-B3EC-38EBB17DA862}.Release|Any CPU.Build.0 = Release|Any CPU
		{5FEBDBA7-105B-468D-9728-FEDB5CF837C2}.Debug|Any CPU.ActiveCfg = Debug|Any CPU
		{5FEBDBA7-105B-468D-9728-FEDB5CF837C2}.Debug|Any CPU.Build.0 = Debug|Any CPU
		{5FEBDBA7-105B-468D-9728-FEDB5CF837C2}.Release|Any CPU.ActiveCfg = Release|Any CPU
		{5FEBDBA7-105B-468D-9728-FEDB5CF837C2}.Release|Any CPU.Build.0 = Release|Any CPU
		{7A8BB7AC-5964-47F2-9742-1B87911F86FA}.Debug|Any CPU.ActiveCfg = Debug|Any CPU
		{7A8BB7AC-5964-47F2-9742-1B87911F86FA}.Debug|Any CPU.Build.0 = Debug|Any CPU
		{7A8BB7AC-5964-47F2-9742-1B87911F86FA}.Release|Any CPU.ActiveCfg = Release|Any CPU
		{7A8BB7AC-5964-47F2-9742-1B87911F86FA}.Release|Any CPU.Build.0 = Release|Any CPU
		{FC6AA3BC-1E2F-43B0-BFED-9A19C73EB4D5}.Debug|Any CPU.ActiveCfg = Debug|Any CPU
		{FC6AA3BC-1E2F-43B0-BFED-9A19C73EB4D5}.Debug|Any CPU.Build.0 = Debug|Any CPU
		{FC6AA3BC-1E2F-43B0-BFED-9A19C73EB4D5}.Release|Any CPU.ActiveCfg = Release|Any CPU
		{FC6AA3BC-1E2F-43B0-BFED-9A19C73EB4D5}.Release|Any CPU.Build.0 = Release|Any CPU
		{D577E4CF-C680-4621-AE2A-8FE8C4855644}.Debug|Any CPU.ActiveCfg = Debug|Any CPU
		{D577E4CF-C680-4621-AE2A-8FE8C4855644}.Debug|Any CPU.Build.0 = Debug|Any CPU
		{D577E4CF-C680-4621-AE2A-8FE8C4855644}.Release|Any CPU.ActiveCfg = Release|Any CPU
		{D577E4CF-C680-4621-AE2A-8FE8C4855644}.Release|Any CPU.Build.0 = Release|Any CPU
		{9625D979-261C-4547-85F4-114179A82E4B}.Debug|Any CPU.ActiveCfg = Debug|Any CPU
		{9625D979-261C-4547-85F4-114179A82E4B}.Debug|Any CPU.Build.0 = Debug|Any CPU
		{9625D979-261C-4547-85F4-114179A82E4B}.Release|Any CPU.ActiveCfg = Release|Any CPU
		{9625D979-261C-4547-85F4-114179A82E4B}.Release|Any CPU.Build.0 = Release|Any CPU
		{4E161358-FDB6-496C-80DA-FA3FFE0BB74A}.Debug|Any CPU.ActiveCfg = Debug|Any CPU
		{4E161358-FDB6-496C-80DA-FA3FFE0BB74A}.Debug|Any CPU.Build.0 = Debug|Any CPU
		{4E161358-FDB6-496C-80DA-FA3FFE0BB74A}.Release|Any CPU.ActiveCfg = Release|Any CPU
		{4E161358-FDB6-496C-80DA-FA3FFE0BB74A}.Release|Any CPU.Build.0 = Release|Any CPU
		{220BBFE6-D2FD-4B78-AA42-33D812A02EE5}.Debug|Any CPU.ActiveCfg = Debug|Any CPU
		{220BBFE6-D2FD-4B78-AA42-33D812A02EE5}.Debug|Any CPU.Build.0 = Debug|Any CPU
		{220BBFE6-D2FD-4B78-AA42-33D812A02EE5}.Release|Any CPU.ActiveCfg = Release|Any CPU
		{220BBFE6-D2FD-4B78-AA42-33D812A02EE5}.Release|Any CPU.Build.0 = Release|Any CPU
		{30798C53-5D20-475F-ADBE-C873FEAC7494}.Debug|Any CPU.ActiveCfg = Debug|Any CPU
		{30798C53-5D20-475F-ADBE-C873FEAC7494}.Debug|Any CPU.Build.0 = Debug|Any CPU
		{30798C53-5D20-475F-ADBE-C873FEAC7494}.Release|Any CPU.ActiveCfg = Release|Any CPU
		{30798C53-5D20-475F-ADBE-C873FEAC7494}.Release|Any CPU.Build.0 = Release|Any CPU
		{167A2D6F-94BC-4A3B-A9BB-B61C2DEC2712}.Debug|Any CPU.ActiveCfg = Debug|Any CPU
		{167A2D6F-94BC-4A3B-A9BB-B61C2DEC2712}.Debug|Any CPU.Build.0 = Debug|Any CPU
		{167A2D6F-94BC-4A3B-A9BB-B61C2DEC2712}.Release|Any CPU.ActiveCfg = Release|Any CPU
		{167A2D6F-94BC-4A3B-A9BB-B61C2DEC2712}.Release|Any CPU.Build.0 = Release|Any CPU
		{53F59C34-6207-48B8-8657-1602445D98D2}.Debug|Any CPU.ActiveCfg = Debug|Any CPU
		{53F59C34-6207-48B8-8657-1602445D98D2}.Debug|Any CPU.Build.0 = Debug|Any CPU
		{53F59C34-6207-48B8-8657-1602445D98D2}.Release|Any CPU.ActiveCfg = Release|Any CPU
		{53F59C34-6207-48B8-8657-1602445D98D2}.Release|Any CPU.Build.0 = Release|Any CPU
		{CA186594-7D99-4DC4-9829-8F3BFC6A3E57}.Debug|Any CPU.ActiveCfg = Debug|Any CPU
		{CA186594-7D99-4DC4-9829-8F3BFC6A3E57}.Debug|Any CPU.Build.0 = Debug|Any CPU
		{CA186594-7D99-4DC4-9829-8F3BFC6A3E57}.Release|Any CPU.ActiveCfg = Release|Any CPU
		{CA186594-7D99-4DC4-9829-8F3BFC6A3E57}.Release|Any CPU.Build.0 = Release|Any CPU
		{2C2A11C5-F3DA-431E-9A76-C494D749348D}.Debug|Any CPU.ActiveCfg = Debug|Any CPU
		{2C2A11C5-F3DA-431E-9A76-C494D749348D}.Debug|Any CPU.Build.0 = Debug|Any CPU
		{2C2A11C5-F3DA-431E-9A76-C494D749348D}.Release|Any CPU.ActiveCfg = Release|Any CPU
		{2C2A11C5-F3DA-431E-9A76-C494D749348D}.Release|Any CPU.Build.0 = Release|Any CPU
		{40B8EBE1-D983-4278-9EE6-AEF168777911}.Debug|Any CPU.ActiveCfg = Debug|Any CPU
		{40B8EBE1-D983-4278-9EE6-AEF168777911}.Debug|Any CPU.Build.0 = Debug|Any CPU
		{40B8EBE1-D983-4278-9EE6-AEF168777911}.Release|Any CPU.ActiveCfg = Release|Any CPU
		{40B8EBE1-D983-4278-9EE6-AEF168777911}.Release|Any CPU.Build.0 = Release|Any CPU
		{3E8C85C7-A6F5-415B-9762-9053F788A83D}.Debug|Any CPU.ActiveCfg = Debug|Any CPU
		{3E8C85C7-A6F5-415B-9762-9053F788A83D}.Debug|Any CPU.Build.0 = Debug|Any CPU
		{3E8C85C7-A6F5-415B-9762-9053F788A83D}.Release|Any CPU.ActiveCfg = Release|Any CPU
		{3E8C85C7-A6F5-415B-9762-9053F788A83D}.Release|Any CPU.Build.0 = Release|Any CPU
		{7A5B8403-E72C-46C6-A0B1-7DADFC1645A1}.Debug|Any CPU.ActiveCfg = Debug|Any CPU
		{7A5B8403-E72C-46C6-A0B1-7DADFC1645A1}.Debug|Any CPU.Build.0 = Debug|Any CPU
		{7A5B8403-E72C-46C6-A0B1-7DADFC1645A1}.Release|Any CPU.ActiveCfg = Release|Any CPU
		{7A5B8403-E72C-46C6-A0B1-7DADFC1645A1}.Release|Any CPU.Build.0 = Release|Any CPU
		{38160E35-6E3E-4301-9EA2-89176B9AAFB9}.Debug|Any CPU.ActiveCfg = Debug|Any CPU
		{38160E35-6E3E-4301-9EA2-89176B9AAFB9}.Debug|Any CPU.Build.0 = Debug|Any CPU
		{38160E35-6E3E-4301-9EA2-89176B9AAFB9}.Release|Any CPU.ActiveCfg = Release|Any CPU
		{38160E35-6E3E-4301-9EA2-89176B9AAFB9}.Release|Any CPU.Build.0 = Release|Any CPU
		{BD66956D-5B1A-4AAE-8432-A630CB5345CF}.Debug|Any CPU.ActiveCfg = Debug|Any CPU
		{BD66956D-5B1A-4AAE-8432-A630CB5345CF}.Debug|Any CPU.Build.0 = Debug|Any CPU
		{BD66956D-5B1A-4AAE-8432-A630CB5345CF}.Release|Any CPU.ActiveCfg = Release|Any CPU
		{BD66956D-5B1A-4AAE-8432-A630CB5345CF}.Release|Any CPU.Build.0 = Release|Any CPU
		{35CA4159-BDAB-4815-8E2C-C7629DD10140}.Debug|Any CPU.ActiveCfg = Debug|Any CPU
		{35CA4159-BDAB-4815-8E2C-C7629DD10140}.Debug|Any CPU.Build.0 = Debug|Any CPU
		{35CA4159-BDAB-4815-8E2C-C7629DD10140}.Release|Any CPU.ActiveCfg = Release|Any CPU
		{35CA4159-BDAB-4815-8E2C-C7629DD10140}.Release|Any CPU.Build.0 = Release|Any CPU
		{48E631A2-5567-47FE-8165-B74C3B1AE235}.Debug|Any CPU.ActiveCfg = Debug|Any CPU
		{48E631A2-5567-47FE-8165-B74C3B1AE235}.Debug|Any CPU.Build.0 = Debug|Any CPU
		{48E631A2-5567-47FE-8165-B74C3B1AE235}.Release|Any CPU.ActiveCfg = Release|Any CPU
		{48E631A2-5567-47FE-8165-B74C3B1AE235}.Release|Any CPU.Build.0 = Release|Any CPU
		{AB3070E1-61EC-4B21-BD34-D8938232A6FC}.Debug|Any CPU.ActiveCfg = Debug|Any CPU
		{AB3070E1-61EC-4B21-BD34-D8938232A6FC}.Debug|Any CPU.Build.0 = Debug|Any CPU
		{AB3070E1-61EC-4B21-BD34-D8938232A6FC}.Release|Any CPU.ActiveCfg = Release|Any CPU
		{AB3070E1-61EC-4B21-BD34-D8938232A6FC}.Release|Any CPU.Build.0 = Release|Any CPU
		{8067BB9B-D935-4605-B961-AA0904109EB6}.Debug|Any CPU.ActiveCfg = Debug|Any CPU
		{8067BB9B-D935-4605-B961-AA0904109EB6}.Debug|Any CPU.Build.0 = Debug|Any CPU
		{8067BB9B-D935-4605-B961-AA0904109EB6}.Release|Any CPU.ActiveCfg = Release|Any CPU
		{8067BB9B-D935-4605-B961-AA0904109EB6}.Release|Any CPU.Build.0 = Release|Any CPU
		{B4CA9218-7D57-4A32-9A3F-BC04268B7313}.Debug|Any CPU.ActiveCfg = Debug|Any CPU
		{B4CA9218-7D57-4A32-9A3F-BC04268B7313}.Debug|Any CPU.Build.0 = Debug|Any CPU
		{B4CA9218-7D57-4A32-9A3F-BC04268B7313}.Release|Any CPU.ActiveCfg = Release|Any CPU
		{B4CA9218-7D57-4A32-9A3F-BC04268B7313}.Release|Any CPU.Build.0 = Release|Any CPU
		{7C410416-AADA-44CC-B73C-E1651AE25B72}.Debug|Any CPU.ActiveCfg = Debug|Any CPU
		{7C410416-AADA-44CC-B73C-E1651AE25B72}.Debug|Any CPU.Build.0 = Debug|Any CPU
		{7C410416-AADA-44CC-B73C-E1651AE25B72}.Release|Any CPU.ActiveCfg = Release|Any CPU
		{7C410416-AADA-44CC-B73C-E1651AE25B72}.Release|Any CPU.Build.0 = Release|Any CPU
		{95D1AF0D-5C54-46D3-8FDC-18F505A5836E}.Debug|Any CPU.ActiveCfg = Debug|Any CPU
		{95D1AF0D-5C54-46D3-8FDC-18F505A5836E}.Debug|Any CPU.Build.0 = Debug|Any CPU
		{95D1AF0D-5C54-46D3-8FDC-18F505A5836E}.Release|Any CPU.ActiveCfg = Release|Any CPU
		{95D1AF0D-5C54-46D3-8FDC-18F505A5836E}.Release|Any CPU.Build.0 = Release|Any CPU
		{42C22166-BB27-4CEF-BA21-AB2A5E44741D}.Debug|Any CPU.ActiveCfg = Debug|Any CPU
		{42C22166-BB27-4CEF-BA21-AB2A5E44741D}.Debug|Any CPU.Build.0 = Debug|Any CPU
		{42C22166-BB27-4CEF-BA21-AB2A5E44741D}.Release|Any CPU.ActiveCfg = Release|Any CPU
		{42C22166-BB27-4CEF-BA21-AB2A5E44741D}.Release|Any CPU.Build.0 = Release|Any CPU
		{96B5E069-0752-4607-9275-79C47B6A155E}.Debug|Any CPU.ActiveCfg = Debug|Any CPU
		{96B5E069-0752-4607-9275-79C47B6A155E}.Debug|Any CPU.Build.0 = Debug|Any CPU
		{96B5E069-0752-4607-9275-79C47B6A155E}.Release|Any CPU.ActiveCfg = Release|Any CPU
		{96B5E069-0752-4607-9275-79C47B6A155E}.Release|Any CPU.Build.0 = Release|Any CPU
		{5BA4DBE9-E140-47BC-B368-3F7B65EA87E4}.Debug|Any CPU.ActiveCfg = Debug|Any CPU
		{5BA4DBE9-E140-47BC-B368-3F7B65EA87E4}.Debug|Any CPU.Build.0 = Debug|Any CPU
		{5BA4DBE9-E140-47BC-B368-3F7B65EA87E4}.Release|Any CPU.ActiveCfg = Release|Any CPU
		{5BA4DBE9-E140-47BC-B368-3F7B65EA87E4}.Release|Any CPU.Build.0 = Release|Any CPU
		{883599D9-476F-4462-AA70-B9266F2AFA19}.Debug|Any CPU.ActiveCfg = Debug|Any CPU
		{883599D9-476F-4462-AA70-B9266F2AFA19}.Debug|Any CPU.Build.0 = Debug|Any CPU
		{883599D9-476F-4462-AA70-B9266F2AFA19}.Release|Any CPU.ActiveCfg = Release|Any CPU
		{883599D9-476F-4462-AA70-B9266F2AFA19}.Release|Any CPU.Build.0 = Release|Any CPU
		{C1A746B8-18ED-44B1-B003-E2EB621F57BE}.Debug|Any CPU.ActiveCfg = Debug|Any CPU
		{C1A746B8-18ED-44B1-B003-E2EB621F57BE}.Debug|Any CPU.Build.0 = Debug|Any CPU
		{C1A746B8-18ED-44B1-B003-E2EB621F57BE}.Release|Any CPU.ActiveCfg = Release|Any CPU
		{C1A746B8-18ED-44B1-B003-E2EB621F57BE}.Release|Any CPU.Build.0 = Release|Any CPU
		{0EE8CD3A-FC07-42AF-BC5C-5F4372696124}.Debug|Any CPU.ActiveCfg = Debug|Any CPU
		{0EE8CD3A-FC07-42AF-BC5C-5F4372696124}.Debug|Any CPU.Build.0 = Debug|Any CPU
		{0EE8CD3A-FC07-42AF-BC5C-5F4372696124}.Release|Any CPU.ActiveCfg = Release|Any CPU
		{0EE8CD3A-FC07-42AF-BC5C-5F4372696124}.Release|Any CPU.Build.0 = Release|Any CPU
		{CE403446-62E8-4098-A5F2-7F6BC6B5D3DA}.Debug|Any CPU.ActiveCfg = Debug|Any CPU
		{CE403446-62E8-4098-A5F2-7F6BC6B5D3DA}.Debug|Any CPU.Build.0 = Debug|Any CPU
		{CE403446-62E8-4098-A5F2-7F6BC6B5D3DA}.Release|Any CPU.ActiveCfg = Release|Any CPU
		{CE403446-62E8-4098-A5F2-7F6BC6B5D3DA}.Release|Any CPU.Build.0 = Release|Any CPU
		{86AF8055-C089-441E-8A89-CA1A0A117D54}.Debug|Any CPU.ActiveCfg = Debug|Any CPU
		{86AF8055-C089-441E-8A89-CA1A0A117D54}.Debug|Any CPU.Build.0 = Debug|Any CPU
		{86AF8055-C089-441E-8A89-CA1A0A117D54}.Release|Any CPU.ActiveCfg = Release|Any CPU
		{86AF8055-C089-441E-8A89-CA1A0A117D54}.Release|Any CPU.Build.0 = Release|Any CPU
		{3B2B4E41-0687-499D-BC90-856F0762575F}.Debug|Any CPU.ActiveCfg = Debug|Any CPU
		{3B2B4E41-0687-499D-BC90-856F0762575F}.Debug|Any CPU.Build.0 = Debug|Any CPU
		{3B2B4E41-0687-499D-BC90-856F0762575F}.Release|Any CPU.ActiveCfg = Release|Any CPU
		{3B2B4E41-0687-499D-BC90-856F0762575F}.Release|Any CPU.Build.0 = Release|Any CPU
		{7604ED43-4D70-4DA1-8970-BBC994BDF251}.Debug|Any CPU.ActiveCfg = Debug|Any CPU
		{7604ED43-4D70-4DA1-8970-BBC994BDF251}.Debug|Any CPU.Build.0 = Debug|Any CPU
		{7604ED43-4D70-4DA1-8970-BBC994BDF251}.Release|Any CPU.ActiveCfg = Release|Any CPU
		{7604ED43-4D70-4DA1-8970-BBC994BDF251}.Release|Any CPU.Build.0 = Release|Any CPU
		{3AAC8DF4-DC99-43F6-8904-C460EDED4FCE}.Debug|Any CPU.ActiveCfg = Debug|Any CPU
		{3AAC8DF4-DC99-43F6-8904-C460EDED4FCE}.Debug|Any CPU.Build.0 = Debug|Any CPU
		{3AAC8DF4-DC99-43F6-8904-C460EDED4FCE}.Release|Any CPU.ActiveCfg = Release|Any CPU
		{3AAC8DF4-DC99-43F6-8904-C460EDED4FCE}.Release|Any CPU.Build.0 = Release|Any CPU
		{4ADBF9A3-5734-49FB-9065-1588D977875B}.Debug|Any CPU.ActiveCfg = Debug|Any CPU
		{4ADBF9A3-5734-49FB-9065-1588D977875B}.Debug|Any CPU.Build.0 = Debug|Any CPU
		{4ADBF9A3-5734-49FB-9065-1588D977875B}.Release|Any CPU.ActiveCfg = Release|Any CPU
		{4ADBF9A3-5734-49FB-9065-1588D977875B}.Release|Any CPU.Build.0 = Release|Any CPU
		{BCDFD907-18CC-4B4D-A05D-05091631664A}.Debug|Any CPU.ActiveCfg = Debug|Any CPU
		{BCDFD907-18CC-4B4D-A05D-05091631664A}.Debug|Any CPU.Build.0 = Debug|Any CPU
		{BCDFD907-18CC-4B4D-A05D-05091631664A}.Release|Any CPU.ActiveCfg = Release|Any CPU
		{BCDFD907-18CC-4B4D-A05D-05091631664A}.Release|Any CPU.Build.0 = Release|Any CPU
	EndGlobalSection
	GlobalSection(SolutionProperties) = preSolution
		HideSolutionNode = FALSE
	EndGlobalSection
	GlobalSection(NestedProjects) = preSolution
		{D57B4D9F-C756-4E84-951D-2D56EDE879A7} = {1CD019B1-6628-4F9D-BE13-AA15FA2AD934}
		{0CA433EB-B30D-4A93-8401-EC2C8A5BE104} = {1CD019B1-6628-4F9D-BE13-AA15FA2AD934}
		{04799DD3-720C-4707-947F-C35FEB76F557} = {D4D349EF-58D4-4E04-88A2-35FFA5D2EABC}
		{B115C56C-759C-4FE8-B30A-B5550F650228} = {19D29F78-F7F0-4D00-8791-9EDF91AE03A6}
		{FA8A60FB-8C81-4682-8051-5777C41C9AF6} = {19D29F78-F7F0-4D00-8791-9EDF91AE03A6}
		{1C42CD6A-A00C-47DC-A9CE-D95B5EEE825F} = {19D29F78-F7F0-4D00-8791-9EDF91AE03A6}
		{F452E0A6-FCB3-4519-9F1B-F4E60F7081EB} = {19D29F78-F7F0-4D00-8791-9EDF91AE03A6}
		{DB50A5A4-5A5A-4C95-B3EC-38EBB17DA862} = {19D29F78-F7F0-4D00-8791-9EDF91AE03A6}
		{5FEBDBA7-105B-468D-9728-FEDB5CF837C2} = {19D29F78-F7F0-4D00-8791-9EDF91AE03A6}
		{7A8BB7AC-5964-47F2-9742-1B87911F86FA} = {19D29F78-F7F0-4D00-8791-9EDF91AE03A6}
		{FC6AA3BC-1E2F-43B0-BFED-9A19C73EB4D5} = {19D29F78-F7F0-4D00-8791-9EDF91AE03A6}
		{D577E4CF-C680-4621-AE2A-8FE8C4855644} = {5E3AC01F-93EA-4702-BF22-554CCD586169}
		{9625D979-261C-4547-85F4-114179A82E4B} = {5E3AC01F-93EA-4702-BF22-554CCD586169}
		{4E161358-FDB6-496C-80DA-FA3FFE0BB74A} = {5E3AC01F-93EA-4702-BF22-554CCD586169}
		{220BBFE6-D2FD-4B78-AA42-33D812A02EE5} = {5E3AC01F-93EA-4702-BF22-554CCD586169}
		{8067BB9B-D935-4605-B961-AA0904109EB6} = {19D29F78-F7F0-4D00-8791-9EDF91AE03A6}
		{95D1AF0D-5C54-46D3-8FDC-18F505A5836E} = {89AF5398-C2F6-45F8-A4D6-270E28B74B33}
		{42C22166-BB27-4CEF-BA21-AB2A5E44741D} = {89AF5398-C2F6-45F8-A4D6-270E28B74B33}
		{96B5E069-0752-4607-9275-79C47B6A155E} = {89AF5398-C2F6-45F8-A4D6-270E28B74B33}
		{5BA4DBE9-E140-47BC-B368-3F7B65EA87E4} = {89AF5398-C2F6-45F8-A4D6-270E28B74B33}
		{883599D9-476F-4462-AA70-B9266F2AFA19} = {89AF5398-C2F6-45F8-A4D6-270E28B74B33}
		{C1A746B8-18ED-44B1-B003-E2EB621F57BE} = {89AF5398-C2F6-45F8-A4D6-270E28B74B33}
		{0EE8CD3A-FC07-42AF-BC5C-5F4372696124} = {89AF5398-C2F6-45F8-A4D6-270E28B74B33}
		{CE403446-62E8-4098-A5F2-7F6BC6B5D3DA} = {89AF5398-C2F6-45F8-A4D6-270E28B74B33}
		{86AF8055-C089-441E-8A89-CA1A0A117D54} = {89AF5398-C2F6-45F8-A4D6-270E28B74B33}
		{3B2B4E41-0687-499D-BC90-856F0762575F} = {89AF5398-C2F6-45F8-A4D6-270E28B74B33}
		{7604ED43-4D70-4DA1-8970-BBC994BDF251} = {89AF5398-C2F6-45F8-A4D6-270E28B74B33}
		{3AAC8DF4-DC99-43F6-8904-C460EDED4FCE} = {89AF5398-C2F6-45F8-A4D6-270E28B74B33}
		{4ADBF9A3-5734-49FB-9065-1588D977875B} = {89AF5398-C2F6-45F8-A4D6-270E28B74B33}
		{BCDFD907-18CC-4B4D-A05D-05091631664A} = {89AF5398-C2F6-45F8-A4D6-270E28B74B33}
	EndGlobalSection
	GlobalSection(ExtensibilityGlobals) = postSolution
		SolutionGuid = {75EC4551-BDDA-44DC-B093-1C3F4BA400C8}
	EndGlobalSection
EndGlobal
